
Microsoft Visual Studio Solution File, Format Version 12.00
# Visual Studio Version 17
VisualStudioVersion = 17.1.32414.318
MinimumVisualStudioVersion = 10.0.40219.1
Project("{FAE04EC0-301F-11D3-BF4B-00C04F79EFBC}") = "WilvanBil.NationalRegisterNumber", "WilvanBil.NationalRegisterNumber\WilvanBil.NationalRegisterNumber.csproj", "{CDD5937D-1D83-462F-8216-7C41D979ABEE}"
EndProject
Project("{FAE04EC0-301F-11D3-BF4B-00C04F79EFBC}") = "WilvanBil.NationalRegisterNumber.UnitTests", "WilvanBil.NationalRegisterNumberTests\WilvanBil.NationalRegisterNumber.UnitTests.csproj", "{6E84D283-F49E-443A-AFAF-50F997A17CFA}"
EndProject
Project("{2150E333-8FDC-42A3-9474-1A3956D46DE8}") = "Solution Items", "Solution Items", "{B18160A0-582A-4434-86D5-6C0E2FB1DEDF}"
	ProjectSection(SolutionItems) = preProject
		CHANGELOG.md = CHANGELOG.md
		.github\workflows\dotnet.yml = .github\workflows\dotnet.yml
		README.md = README.md
	EndProjectSection
EndProject
Global
	GlobalSection(SolutionConfigurationPlatforms) = preSolution
		Debug|Any CPU = Debug|Any CPU
		Release|Any CPU = Release|Any CPU
	EndGlobalSection
	GlobalSection(ProjectConfigurationPlatforms) = postSolution
		{CDD5937D-1D83-462F-8216-7C41D979ABEE}.Debug|Any CPU.ActiveCfg = Debug|Any CPU
		{CDD5937D-1D83-462F-8216-7C41D979ABEE}.Debug|Any CPU.Build.0 = Debug|Any CPU
		{CDD5937D-1D83-462F-8216-7C41D979ABEE}.Release|Any CPU.ActiveCfg = Release|Any CPU
		{CDD5937D-1D83-462F-8216-7C41D979ABEE}.Release|Any CPU.Build.0 = Release|Any CPU
		{6E84D283-F49E-443A-AFAF-50F997A17CFA}.Debug|Any CPU.ActiveCfg = Debug|Any CPU
		{6E84D283-F49E-443A-AFAF-50F997A17CFA}.Debug|Any CPU.Build.0 = Debug|Any CPU
		{6E84D283-F49E-443A-AFAF-50F997A17CFA}.Release|Any CPU.ActiveCfg = Release|Any CPU
		{6E84D283-F49E-443A-AFAF-50F997A17CFA}.Release|Any CPU.Build.0 = Release|Any CPU
	EndGlobalSection
	GlobalSection(SolutionProperties) = preSolution
		HideSolutionNode = FALSE
	EndGlobalSection
	GlobalSection(ExtensibilityGlobals) = postSolution
		SolutionGuid = {338F2A58-B608-42C7-88EF-4D6CB9472E59}
	EndGlobalSection
EndGlobal
